
Microsoft Visual Studio Solution File, Format Version 12.00
# Visual Studio Version 16
VisualStudioVersion = 16.0.29613.14
MinimumVisualStudioVersion = 10.0.40219.1
Project("{FAE04EC0-301F-11D3-BF4B-00C04F79EFBC}") = "megoldasok", "megoldasok\megoldasok.csproj", "{15D5C2AA-A5AA-4CA6-83C7-8F2D10B4A41B}"
EndProject
Global
	GlobalSection(SolutionConfigurationPlatforms) = preSolution
		Debug|Any CPU = Debug|Any CPU
		Release|Any CPU = Release|Any CPU
	EndGlobalSection
	GlobalSection(ProjectConfigurationPlatforms) = postSolution
		{15D5C2AA-A5AA-4CA6-83C7-8F2D10B4A41B}.Debug|Any CPU.ActiveCfg = Debug|Any CPU
		{15D5C2AA-A5AA-4CA6-83C7-8F2D10B4A41B}.Debug|Any CPU.Build.0 = Debug|Any CPU
		{15D5C2AA-A5AA-4CA6-83C7-8F2D10B4A41B}.Release|Any CPU.ActiveCfg = Release|Any CPU
		{15D5C2AA-A5AA-4CA6-83C7-8F2D10B4A41B}.Release|Any CPU.Build.0 = Release|Any CPU
	EndGlobalSection
	GlobalSection(SolutionProperties) = preSolution
		HideSolutionNode = FALSE
	EndGlobalSection
	GlobalSection(ExtensibilityGlobals) = postSolution
		SolutionGuid = {1853DC96-4A22-445A-A7BE-978C323540A7}
	EndGlobalSection
EndGlobal
